
Microsoft Visual Studio Solution File, Format Version 12.00
# Visual Studio Version 17
VisualStudioVersion = 17.8.34316.72
MinimumVisualStudioVersion = 10.0.40219.1
Project("{FAE04EC0-301F-11D3-BF4B-00C04F79EFBC}") = "GetBetter", "GetBetter.csproj", "{B39C2EAF-3CE2-4E37-B33F-BAE97BEB1B21}"
EndProject
Global
	GlobalSection(SolutionConfigurationPlatforms) = preSolution
		Debug|Any CPU = Debug|Any CPU
		Release|Any CPU = Release|Any CPU
	EndGlobalSection
	GlobalSection(ProjectConfigurationPlatforms) = postSolution
		{B39C2EAF-3CE2-4E37-B33F-BAE97BEB1B21}.Debug|Any CPU.ActiveCfg = Debug|Any CPU
		{B39C2EAF-3CE2-4E37-B33F-BAE97BEB1B21}.Debug|Any CPU.Build.0 = Debug|Any CPU
		{B39C2EAF-3CE2-4E37-B33F-BAE97BEB1B21}.Release|Any CPU.ActiveCfg = Release|Any CPU
		{B39C2EAF-3CE2-4E37-B33F-BAE97BEB1B21}.Release|Any CPU.Build.0 = Release|Any CPU
	EndGlobalSection
	GlobalSection(SolutionProperties) = preSolution
		HideSolutionNode = FALSE
	EndGlobalSection
	GlobalSection(ExtensibilityGlobals) = postSolution
		SolutionGuid = {2EE0E070-D29B-41E4-BBE2-5552DB3F8287}
	EndGlobalSection
EndGlobal
